
Microsoft Visual Studio Solution File, Format Version 12.00
# Visual Studio Version 17
VisualStudioVersion = 17.0.32112.339
MinimumVisualStudioVersion = 10.0.40219.1
Project("{FAE04EC0-301F-11D3-BF4B-00C04F79EFBC}") = "WebTests", "WebTests\WebTests.csproj", "{94C0C337-7336-480E-833A-24846AB0853B}"
EndProject
Global
	GlobalSection(SolutionConfigurationPlatforms) = preSolution
		Debug|Any CPU = Debug|Any CPU
		Release|Any CPU = Release|Any CPU
	EndGlobalSection
	GlobalSection(ProjectConfigurationPlatforms) = postSolution
		{94C0C337-7336-480E-833A-24846AB0853B}.Debug|Any CPU.ActiveCfg = Debug|Any CPU
		{94C0C337-7336-480E-833A-24846AB0853B}.Debug|Any CPU.Build.0 = Debug|Any CPU
		{94C0C337-7336-480E-833A-24846AB0853B}.Release|Any CPU.ActiveCfg = Release|Any CPU
		{94C0C337-7336-480E-833A-24846AB0853B}.Release|Any CPU.Build.0 = Release|Any CPU
	EndGlobalSection
	GlobalSection(SolutionProperties) = preSolution
		HideSolutionNode = FALSE
	EndGlobalSection
	GlobalSection(ExtensibilityGlobals) = postSolution
		SolutionGuid = {D389FC45-D350-429E-80CF-13E4BEB556DF}
	EndGlobalSection
EndGlobal
